
Microsoft Visual Studio Solution File, Format Version 12.00
# Visual Studio Version 16
VisualStudioVersion = 16.0.29806.167
MinimumVisualStudioVersion = 10.0.40219.1
Project("{FAE04EC0-301F-11D3-BF4B-00C04F79EFBC}") = "GuiAssignment", "GuiAssignment.csproj", "{B06BDEFE-DD05-4E71-BDF0-997E5FB9E0D2}"
EndProject
Global
	GlobalSection(SolutionConfigurationPlatforms) = preSolution
		Debug|Any CPU = Debug|Any CPU
		Release|Any CPU = Release|Any CPU
	EndGlobalSection
	GlobalSection(ProjectConfigurationPlatforms) = postSolution
		{B06BDEFE-DD05-4E71-BDF0-997E5FB9E0D2}.Debug|Any CPU.ActiveCfg = Debug|Any CPU
		{B06BDEFE-DD05-4E71-BDF0-997E5FB9E0D2}.Debug|Any CPU.Build.0 = Debug|Any CPU
		{B06BDEFE-DD05-4E71-BDF0-997E5FB9E0D2}.Release|Any CPU.ActiveCfg = Release|Any CPU
		{B06BDEFE-DD05-4E71-BDF0-997E5FB9E0D2}.Release|Any CPU.Build.0 = Release|Any CPU
	EndGlobalSection
	GlobalSection(SolutionProperties) = preSolution
		HideSolutionNode = FALSE
	EndGlobalSection
	GlobalSection(ExtensibilityGlobals) = postSolution
		SolutionGuid = {E6A104E7-7D12-4CB6-8FFE-38D6C2D50064}
	EndGlobalSection
EndGlobal
